<?xml version="1.0" encoding="utf-8"?>
<Project ToolsVersion="4.0" xmlns="http://schemas.microsoft.com/developer/msbuild/2003">
  <ItemGroup>
    <Filter Include="Source Files">
      <UniqueIdentifier>{4FC737F1-C7A5-4376-A066-2A32D752A2FF}</UniqueIdentifier>
      <Extensions>cpp;c;cc;cxx;def;odl;idl;hpj;bat;asm;asmx</Extensions>
    </Filter>
    <Filter Include="Header Files">
      <UniqueIdentifier>{93995380-89BD-4b04-88EB-625FBE52EBFB}</UniqueIdentifier>
      <Extensions>h;hpp;hxx;hm;inl;inc;xsd</Extensions>
    </Filter>
  </ItemGroup>
  <ItemGroup>
    <ClCompile Include="palmscan_main.cpp">
      <Filter>Source Files</Filter>
    </ClCompile>
    <ClCompile Include="myutils.cpp">
      <Filter>Source Files</Filter>
    </ClCompile>
    <ClCompile Include="alloc.cpp">
      <Filter>Source Files</Filter>
    </ClCompile>
    <ClCompile Include="timing.cpp">
      <Filter>Source Files</Filter>
    </ClCompile>
    <ClCompile Include="pssm.cpp">
      <Filter>Source Files</Filter>
    </ClCompile>
    <ClCompile Include="alpha2.cpp">
      <Filter>Source Files</Filter>
    </ClCompile>
    <ClCompile Include="alpha.cpp">
      <Filter>Source Files</Filter>
    </ClCompile>
    <ClCompile Include="sfasta.cpp">
      <Filter>Source Files</Filter>
    </ClCompile>
    <ClCompile Include="seqdb.cpp">
      <Filter>Source Files</Filter>
    </ClCompile>
    <ClCompile Include="test.cpp">
      <Filter>Source Files</Filter>
    </ClCompile>
    <ClCompile Include="sort.cpp">
      <Filter>Source Files</Filter>
    </ClCompile>
    <ClCompile Include="blosum.cpp">
      <Filter>Source Files</Filter>
    </ClCompile>
    <ClCompile Include="buildpsm.cpp">
      <Filter>Source Files</Filter>
    </ClCompile>
    <ClCompile Include="searchaatop.cpp">
      <Filter>Source Files</Filter>
    </ClCompile>
    <ClCompile Include="searchnttop.cpp">
      <Filter>Source Files</Filter>
    </ClCompile>
    <ClCompile Include="searchnttopx.cpp">
      <Filter>Source Files</Filter>
    </ClCompile>
    <ClCompile Include="xlat.cpp">
      <Filter>Source Files</Filter>
    </ClCompile>
    <ClCompile Include="psms.cpp">
      <Filter>Source Files</Filter>
    </ClCompile>
    <ClCompile Include="viterbifastbandmem.cpp">
      <Filter>Source Files</Filter>
    </ClCompile>
    <ClCompile Include="diagbox.cpp">
      <Filter>Source Files</Filter>
    </ClCompile>
    <ClCompile Include="mx.cpp">
      <Filter>Source Files</Filter>
    </ClCompile>
    <ClCompile Include="tracebackbitmem.cpp">
      <Filter>Source Files</Filter>
    </ClCompile>
    <ClCompile Include="alnparams.cpp">
      <Filter>Source Files</Filter>
    </ClCompile>
    <ClCompile Include="alnheuristics.cpp">
      <Filter>Source Files</Filter>
    </ClCompile>
    <ClCompile Include="blosum62.cpp">
      <Filter>Source Files</Filter>
    </ClCompile>
    <ClCompile Include="setnucmx.cpp">
      <Filter>Source Files</Filter>
    </ClCompile>
    <ClCompile Include="objmgr.cpp">
      <Filter>Source Files</Filter>
    </ClCompile>
    <ClCompile Include="seqinfo.cpp">
      <Filter>Source Files</Filter>
    </ClCompile>
    <ClCompile Include="logaln.cpp">
      <Filter>Source Files</Filter>
    </ClCompile>
    <ClCompile Include="usort.cpp">
      <Filter>Source Files</Filter>
    </ClCompile>
    <ClCompile Include="usearch.cpp">
      <Filter>Source Files</Filter>
    </ClCompile>
    <ClCompile Include="getseg.cpp">
      <Filter>Source Files</Filter>
    </ClCompile>
    <ClCompile Include="fastqrec.cpp">
      <Filter>Source Files</Filter>
    </ClCompile>
    <ClCompile Include="searchntall.cpp">
      <Filter>Source Files</Filter>
    </ClCompile>
    <ClCompile Include="ntmx.cpp">
      <Filter>Source Files</Filter>
    </ClCompile>
    <ClCompile Include="test_viterbi.cpp">
      <Filter>Source Files</Filter>
    </ClCompile>
    <ClCompile Include="rdrpmodel.cpp">
      <Filter>Source Files</Filter>
    </ClCompile>
    <ClCompile Include="viterbi_pssm.cpp">
      <Filter>Source Files</Filter>
    </ClCompile>
    <ClCompile Include="test_viterbi_pssm.cpp">
      <Filter>Source Files</Filter>
    </ClCompile>
    <ClCompile Include="build_rdrp_model.cpp">
      <Filter>Source Files</Filter>
    </ClCompile>
    <ClCompile Include="setresult.cpp">
      <Filter>Source Files</Filter>
    </ClCompile>
    <ClCompile Include="searchaa_seeded.cpp">
      <Filter>Source Files</Filter>
    </ClCompile>
    <ClCompile Include="model_strings.cpp">
      <Filter>Source Files</Filter>
    </ClCompile>
    <ClCompile Include="otumaps.cpp">
      <Filter>Source Files</Filter>
    </ClCompile>
    <ClCompile Include="fastaseqsource.cpp">
      <Filter>Source Files</Filter>
    </ClCompile>
    <ClCompile Include="fileseqsource.cpp">
      <Filter>Source Files</Filter>
    </ClCompile>
    <ClCompile Include="seqsource.cpp">
      <Filter>Source Files</Filter>
    </ClCompile>
    <ClCompile Include="lockobj.cpp">
      <Filter>Source Files</Filter>
    </ClCompile>
    <ClCompile Include="linereader.cpp">
      <Filter>Source Files</Filter>
    </ClCompile>
    <ClCompile Include="randomseqsource.cpp">
      <Filter>Source Files</Filter>
    </ClCompile>
    <ClCompile Include="alnqc.cpp">
      <Filter>Source Files</Filter>
    </ClCompile>
    <ClCompile Include="search_pp.cpp">
      <Filter>Source Files</Filter>
    </ClCompile>
    <ClCompile Include="help.cpp">
      <Filter>Source Files</Filter>
    </ClCompile>
  </ItemGroup>
  <ItemGroup>
    <ClInclude Include="myutils.h">
      <Filter>Header Files</Filter>
    </ClInclude>
    <ClInclude Include="sort.h">
      <Filter>Header Files</Filter>
    </ClInclude>
    <ClInclude Include="myopts.h">
      <Filter>Header Files</Filter>
    </ClInclude>
    <ClInclude Include="omplock.h">
      <Filter>Header Files</Filter>
    </ClInclude>
    <ClInclude Include="timing.h">
      <Filter>Header Files</Filter>
    </ClInclude>
    <ClInclude Include="timers.h">
      <Filter>Header Files</Filter>
    </ClInclude>
    <ClInclude Include="allocids.h">
      <Filter>Header Files</Filter>
    </ClInclude>
    <ClInclude Include="allocid.h">
      <Filter>Header Files</Filter>
    </ClInclude>
    <ClInclude Include="allocs.h">
      <Filter>Header Files</Filter>
    </ClInclude>
    <ClInclude Include="pssm.h">
      <Filter>Header Files</Filter>
    </ClInclude>
    <ClInclude Include="alpha.h">
      <Filter>Header Files</Filter>
    </ClInclude>
    <ClInclude Include="sfasta.h">
      <Filter>Header Files</Filter>
    </ClInclude>
    <ClInclude Include="seqdb.h">
      <Filter>Header Files</Filter>
    </ClInclude>
    <ClInclude Include="pssmsearch.h">
      <Filter>Header Files</Filter>
    </ClInclude>
    <ClInclude Include="xlat.h">
      <Filter>Header Files</Filter>
    </ClInclude>
    <ClInclude Include="alnparams.h">
      <Filter>Header Files</Filter>
    </ClInclude>
    <ClInclude Include="diagbox.h">
      <Filter>Header Files</Filter>
    </ClInclude>
    <ClInclude Include="pathinfo.h">
      <Filter>Header Files</Filter>
    </ClInclude>
    <ClInclude Include="tracebit.h">
      <Filter>Header Files</Filter>
    </ClInclude>
    <ClInclude Include="xdpmem.h">
      <Filter>Header Files</Filter>
    </ClInclude>
    <ClInclude Include="viterbi.h">
      <Filter>Header Files</Filter>
    </ClInclude>
    <ClInclude Include="alnheuristics.h">
      <Filter>Header Files</Filter>
    </ClInclude>
    <ClInclude Include="usearch.h">
      <Filter>Header Files</Filter>
    </ClInclude>
    <ClInclude Include="conncomp.h">
      <Filter>Header Files</Filter>
    </ClInclude>
    <ClInclude Include="sfastq.h">
      <Filter>Header Files</Filter>
    </ClInclude>
    <ClInclude Include="fastqrec.h">
      <Filter>Header Files</Filter>
    </ClInclude>
    <ClInclude Include="pssms.h">
      <Filter>Header Files</Filter>
    </ClInclude>
    <ClInclude Include="rdrpmodel.h">
      <Filter>Header Files</Filter>
    </ClInclude>
    <ClInclude Include="rphit.h">
      <Filter>Header Files</Filter>
    </ClInclude>
    <ClInclude Include="rpresult.h">
      <Filter>Header Files</Filter>
    </ClInclude>
    <ClInclude Include="heuristics.h">
      <Filter>Header Files</Filter>
    </ClInclude>
    <ClInclude Include="fastaseqsource.h">
      <Filter>Header Files</Filter>
    </ClInclude>
    <ClInclude Include="fileseqsource.h">
      <Filter>Header Files</Filter>
    </ClInclude>
    <ClInclude Include="seqsource.h">
      <Filter>Header Files</Filter>
    </ClInclude>
    <ClInclude Include="lockobj.h">
      <Filter>Header Files</Filter>
    </ClInclude>
    <ClInclude Include="lockobjs.h">
      <Filter>Header Files</Filter>
    </ClInclude>
    <ClInclude Include="linereader.h">
      <Filter>Header Files</Filter>
    </ClInclude>
    <ClInclude Include="gobuff.h">
      <Filter>Header Files</Filter>
    </ClInclude>
    <ClInclude Include="randomseqsource.h">
      <Filter>Header Files</Filter>
    </ClInclude>
  </ItemGroup>
</Project>